
Microsoft Visual Studio Solution File, Format Version 12.00
# Visual Studio Version 17
VisualStudioVersion = 17.0.31903.59
MinimumVisualStudioVersion = 10.0.40219.1
Project("{2150E333-8FDC-42A3-9474-1A3956D46DE8}") = "src", "src", "{1A2B3C4D-0001-4000-8000-000000000001}"
EndProject
Project("{2150E333-8FDC-42A3-9474-1A3956D46DE8}") = "tests", "tests", "{1A2B3C4D-0002-4000-8000-000000000001}"
EndProject
Project("{FAE04EC0-301F-11D3-BF4B-00C04F79EFBC}") = "WebsiteBuilder.Core", "src\WebsiteBuilder.Core\WebsiteBuilder.Core.csproj", "{1A2B3C4D-0010-4000-8000-000000000001}"
EndProject
Project("{FAE04EC0-301F-11D3-BF4B-00C04F79EFBC}") = "WebsiteBuilder.Bridge", "src\WebsiteBuilder.Bridge\WebsiteBuilder.Bridge.csproj", "{1A2B3C4D-0011-4000-8000-000000000001}"
EndProject
Project("{FAE04EC0-301F-11D3-BF4B-00C04F79EFBC}") = "WebsiteBuilder.CodeGen", "src\WebsiteBuilder.CodeGen\WebsiteBuilder.CodeGen.csproj", "{1A2B3C4D-0012-4000-8000-000000000001}"
EndProject
Project("{FAE04EC0-301F-11D3-BF4B-00C04F79EFBC}") = "WebsiteBuilder.App", "src\WebsiteBuilder.App\WebsiteBuilder.App.csproj", "{1A2B3C4D-0013-4000-8000-000000000001}"
EndProject
Project("{FAE04EC0-301F-11D3-BF4B-00C04F79EFBC}") = "WebsiteBuilder.Core.Tests", "tests\WebsiteBuilder.Core.Tests\WebsiteBuilder.Core.Tests.csproj", "{1A2B3C4D-0020-4000-8000-000000000001}"
EndProject
Project("{FAE04EC0-301F-11D3-BF4B-00C04F79EFBC}") = "WebsiteBuilder.CodeGen.Tests", "tests\WebsiteBuilder.CodeGen.Tests\WebsiteBuilder.CodeGen.Tests.csproj", "{1A2B3C4D-0021-4000-8000-000000000001}"
EndProject
Project("{FAE04EC0-301F-11D3-BF4B-00C04F79EFBC}") = "WebsiteBuilder.App.Tests", "tests\WebsiteBuilder.App.Tests\WebsiteBuilder.App.Tests.csproj", "{1A2B3C4D-0022-4000-8000-000000000001}"
EndProject
Global
	GlobalSection(SolutionConfigurationPlatforms) = preSolution
		Debug|Any CPU = Debug|Any CPU
		Release|Any CPU = Release|Any CPU
	EndGlobalSection
	GlobalSection(ProjectConfigurationPlatforms) = postSolution
		{1A2B3C4D-0010-4000-8000-000000000001}.Debug|Any CPU.ActiveCfg = Debug|Any CPU
		{1A2B3C4D-0010-4000-8000-000000000001}.Debug|Any CPU.Build.0 = Debug|Any CPU
		{1A2B3C4D-0010-4000-8000-000000000001}.Release|Any CPU.ActiveCfg = Release|Any CPU
		{1A2B3C4D-0010-4000-8000-000000000001}.Release|Any CPU.Build.0 = Release|Any CPU
		{1A2B3C4D-0011-4000-8000-000000000001}.Debug|Any CPU.ActiveCfg = Debug|Any CPU
		{1A2B3C4D-0011-4000-8000-000000000001}.Debug|Any CPU.Build.0 = Debug|Any CPU
		{1A2B3C4D-0011-4000-8000-000000000001}.Release|Any CPU.ActiveCfg = Release|Any CPU
		{1A2B3C4D-0011-4000-8000-000000000001}.Release|Any CPU.Build.0 = Release|Any CPU
		{1A2B3C4D-0012-4000-8000-000000000001}.Debug|Any CPU.ActiveCfg = Debug|Any CPU
		{1A2B3C4D-0012-4000-8000-000000000001}.Debug|Any CPU.Build.0 = Debug|Any CPU
		{1A2B3C4D-0012-4000-8000-000000000001}.Release|Any CPU.ActiveCfg = Release|Any CPU
		{1A2B3C4D-0012-4000-8000-000000000001}.Release|Any CPU.Build.0 = Release|Any CPU
		{1A2B3C4D-0013-4000-8000-000000000001}.Debug|Any CPU.ActiveCfg = Debug|Any CPU
		{1A2B3C4D-0013-4000-8000-000000000001}.Debug|Any CPU.Build.0 = Debug|Any CPU
		{1A2B3C4D-0013-4000-8000-000000000001}.Release|Any CPU.ActiveCfg = Release|Any CPU
		{1A2B3C4D-0013-4000-8000-000000000001}.Release|Any CPU.Build.0 = Release|Any CPU
		{1A2B3C4D-0020-4000-8000-000000000001}.Debug|Any CPU.ActiveCfg = Debug|Any CPU
		{1A2B3C4D-0020-4000-8000-000000000001}.Debug|Any CPU.Build.0 = Debug|Any CPU
		{1A2B3C4D-0020-4000-8000-000000000001}.Release|Any CPU.ActiveCfg = Release|Any CPU
		{1A2B3C4D-0020-4000-8000-000000000001}.Release|Any CPU.Build.0 = Release|Any CPU
		{1A2B3C4D-0021-4000-8000-000000000001}.Debug|Any CPU.ActiveCfg = Debug|Any CPU
		{1A2B3C4D-0021-4000-8000-000000000001}.Debug|Any CPU.Build.0 = Debug|Any CPU
		{1A2B3C4D-0021-4000-8000-000000000001}.Release|Any CPU.ActiveCfg = Release|Any CPU
		{1A2B3C4D-0021-4000-8000-000000000001}.Release|Any CPU.Build.0 = Release|Any CPU
		{1A2B3C4D-0022-4000-8000-000000000001}.Debug|Any CPU.ActiveCfg = Debug|Any CPU
		{1A2B3C4D-0022-4000-8000-000000000001}.Debug|Any CPU.Build.0 = Debug|Any CPU
		{1A2B3C4D-0022-4000-8000-000000000001}.Release|Any CPU.ActiveCfg = Release|Any CPU
		{1A2B3C4D-0022-4000-8000-000000000001}.Release|Any CPU.Build.0 = Release|Any CPU
	EndGlobalSection
	GlobalSection(NestedProjects) = preSolution
		{1A2B3C4D-0010-4000-8000-000000000001} = {1A2B3C4D-0001-4000-8000-000000000001}
		{1A2B3C4D-0011-4000-8000-000000000001} = {1A2B3C4D-0001-4000-8000-000000000001}
		{1A2B3C4D-0012-4000-8000-000000000001} = {1A2B3C4D-0001-4000-8000-000000000001}
		{1A2B3C4D-0013-4000-8000-000000000001} = {1A2B3C4D-0001-4000-8000-000000000001}
		{1A2B3C4D-0020-4000-8000-000000000001} = {1A2B3C4D-0002-4000-8000-000000000001}
		{1A2B3C4D-0021-4000-8000-000000000001} = {1A2B3C4D-0002-4000-8000-000000000001}
		{1A2B3C4D-0022-4000-8000-000000000001} = {1A2B3C4D-0002-4000-8000-000000000001}
	EndGlobalSection
EndGlobal
